// !$*UTF8*$!
{
	archiveVersion = 1;
	classes = {
	};
	objectVersion = 56;
	objects = {

/* Begin PBXBuildFile section */
		FA0984C12B8C01DB00EB869D /* DynamicHeightSheet.swift in Sources */ = {isa = PBXBuildFile; fileRef = FA0984C02B8C01DB00EB869D /* DynamicHeightSheet.swift */; };
		FA0984C32B8C064800EB869D /* DataManager.swift in Sources */ = {isa = PBXBuildFile; fileRef = FA0984C22B8C064800EB869D /* DataManager.swift */; };
		FA279F932B915E2F009F4E90 /* RoutineView.swift in Sources */ = {isa = PBXBuildFile; fileRef = FA279F922B915E2F009F4E90 /* RoutineView.swift */; };
		FA279F952B915E3E009F4E90 /* RoutineViewModel.swift in Sources */ = {isa = PBXBuildFile; fileRef = FA279F942B915E3E009F4E90 /* RoutineViewModel.swift */; };
		FA279F982B916049009F4E90 /* String+Adds.swift in Sources */ = {isa = PBXBuildFile; fileRef = FA279F972B916049009F4E90 /* String+Adds.swift */; };
		FA279F9D2B94010C009F4E90 /* TextFieldDynamicSheet.swift in Sources */ = {isa = PBXBuildFile; fileRef = FA279F9C2B94010C009F4E90 /* TextFieldDynamicSheet.swift */; };
		FA279FA12B9411E1009F4E90 /* RoutineListViewModel.swift in Sources */ = {isa = PBXBuildFile; fileRef = FA279FA02B9411E1009F4E90 /* RoutineListViewModel.swift */; };
		FA90B27E2B8EF4E000E0626E /* NSFetchRequest+Adds.swift in Sources */ = {isa = PBXBuildFile; fileRef = FA90B27D2B8EF4E000E0626E /* NSFetchRequest+Adds.swift */; };
		FA90B2802B8EF51900E0626E /* NSFetchedResultsController+Adds.swift in Sources */ = {isa = PBXBuildFile; fileRef = FA90B27F2B8EF51900E0626E /* NSFetchedResultsController+Adds.swift */; };
		FA90B2832B8EF69500E0626E /* NSManagedObject+Adds.swift in Sources */ = {isa = PBXBuildFile; fileRef = FA90B2822B8EF69500E0626E /* NSManagedObject+Adds.swift */; };
		FA9570C32B8D928F00C442A9 /* ClosedRange+Adds.swift in Sources */ = {isa = PBXBuildFile; fileRef = FA9570C22B8D928F00C442A9 /* ClosedRange+Adds.swift */; };
		FA994DF32B8839CB00B3834F /* GetHeightModifier.swift in Sources */ = {isa = PBXBuildFile; fileRef = FA994DF22B8839CB00B3834F /* GetHeightModifier.swift */; };
		FAAD06812B6B1E4F00BA5386 /* LightWeightApp.swift in Sources */ = {isa = PBXBuildFile; fileRef = FAAD06802B6B1E4F00BA5386 /* LightWeightApp.swift */; };
		FAAD06832B6B1E4F00BA5386 /* Persistence.swift in Sources */ = {isa = PBXBuildFile; fileRef = FAAD06822B6B1E4F00BA5386 /* Persistence.swift */; };
		FAAD06882B6B1E4F00BA5386 /* RoutineListView.swift in Sources */ = {isa = PBXBuildFile; fileRef = FAAD06872B6B1E4F00BA5386 /* RoutineListView.swift */; };
		FAAD068A2B6B1E5100BA5386 /* Assets.xcassets in Resources */ = {isa = PBXBuildFile; fileRef = FAAD06892B6B1E5100BA5386 /* Assets.xcassets */; };
		FAAD068E2B6B1E5100BA5386 /* Preview Assets.xcassets in Resources */ = {isa = PBXBuildFile; fileRef = FAAD068D2B6B1E5100BA5386 /* Preview Assets.xcassets */; };
		FAAD06992B6B1E5100BA5386 /* LightWeightTests.swift in Sources */ = {isa = PBXBuildFile; fileRef = FAAD06982B6B1E5100BA5386 /* LightWeightTests.swift */; };
		FAAD06A32B6B1E5100BA5386 /* LightWeightUITests.swift in Sources */ = {isa = PBXBuildFile; fileRef = FAAD06A22B6B1E5100BA5386 /* LightWeightUITests.swift */; };
		FAAD06A52B6B1E5100BA5386 /* LightWeightUITestsLaunchTests.swift in Sources */ = {isa = PBXBuildFile; fileRef = FAAD06A42B6B1E5100BA5386 /* LightWeightUITestsLaunchTests.swift */; };
		FAAD06B32B6B1F6E00BA5386 /* Router.swift in Sources */ = {isa = PBXBuildFile; fileRef = FAAD06B22B6B1F6E00BA5386 /* Router.swift */; };
		FAFCF8332B8302D400818A8A /* LightWeight.xcdatamodeld in Sources */ = {isa = PBXBuildFile; fileRef = FAFCF8312B8302D400818A8A /* LightWeight.xcdatamodeld */; };
/* End PBXBuildFile section */

/* Begin PBXContainerItemProxy section */
		FAAD06952B6B1E5100BA5386 /* PBXContainerItemProxy */ = {
			isa = PBXContainerItemProxy;
			containerPortal = FAAD06752B6B1E4F00BA5386 /* Project object */;
			proxyType = 1;
			remoteGlobalIDString = FAAD067C2B6B1E4F00BA5386;
			remoteInfo = Academy;
		};
		FAAD069F2B6B1E5100BA5386 /* PBXContainerItemProxy */ = {
			isa = PBXContainerItemProxy;
			containerPortal = FAAD06752B6B1E4F00BA5386 /* Project object */;
			proxyType = 1;
			remoteGlobalIDString = FAAD067C2B6B1E4F00BA5386;
			remoteInfo = Academy;
		};
/* End PBXContainerItemProxy section */

/* Begin PBXFileReference section */
		FA0984C02B8C01DB00EB869D /* DynamicHeightSheet.swift */ = {isa = PBXFileReference; lastKnownFileType = sourcecode.swift; path = DynamicHeightSheet.swift; sourceTree = "<group>"; };
		FA0984C22B8C064800EB869D /* DataManager.swift */ = {isa = PBXFileReference; lastKnownFileType = sourcecode.swift; path = DataManager.swift; sourceTree = "<group>"; };
		FA279F922B915E2F009F4E90 /* RoutineView.swift */ = {isa = PBXFileReference; lastKnownFileType = sourcecode.swift; path = RoutineView.swift; sourceTree = "<group>"; };
		FA279F942B915E3E009F4E90 /* RoutineViewModel.swift */ = {isa = PBXFileReference; lastKnownFileType = sourcecode.swift; path = RoutineViewModel.swift; sourceTree = "<group>"; };
		FA279F972B916049009F4E90 /* String+Adds.swift */ = {isa = PBXFileReference; lastKnownFileType = sourcecode.swift; path = "String+Adds.swift"; sourceTree = "<group>"; };
		FA279F9C2B94010C009F4E90 /* TextFieldDynamicSheet.swift */ = {isa = PBXFileReference; lastKnownFileType = sourcecode.swift; path = TextFieldDynamicSheet.swift; sourceTree = "<group>"; };
		FA279FA02B9411E1009F4E90 /* RoutineListViewModel.swift */ = {isa = PBXFileReference; fileEncoding = 4; lastKnownFileType = sourcecode.swift; name = RoutineListViewModel.swift; path = LightWeight/Modules/RoutineList/RoutineListViewModel.swift; sourceTree = SOURCE_ROOT; };
		FA90B27D2B8EF4E000E0626E /* NSFetchRequest+Adds.swift */ = {isa = PBXFileReference; lastKnownFileType = sourcecode.swift; path = "NSFetchRequest+Adds.swift"; sourceTree = "<group>"; };
		FA90B27F2B8EF51900E0626E /* NSFetchedResultsController+Adds.swift */ = {isa = PBXFileReference; lastKnownFileType = sourcecode.swift; path = "NSFetchedResultsController+Adds.swift"; sourceTree = "<group>"; };
		FA90B2822B8EF69500E0626E /* NSManagedObject+Adds.swift */ = {isa = PBXFileReference; lastKnownFileType = sourcecode.swift; path = "NSManagedObject+Adds.swift"; sourceTree = "<group>"; };
		FA9570C22B8D928F00C442A9 /* ClosedRange+Adds.swift */ = {isa = PBXFileReference; lastKnownFileType = sourcecode.swift; path = "ClosedRange+Adds.swift"; sourceTree = "<group>"; };
		FA994DF22B8839CB00B3834F /* GetHeightModifier.swift */ = {isa = PBXFileReference; lastKnownFileType = sourcecode.swift; path = GetHeightModifier.swift; sourceTree = "<group>"; };
		FAAD067D2B6B1E4F00BA5386 /* LightWeight.app */ = {isa = PBXFileReference; explicitFileType = wrapper.application; includeInIndex = 0; path = LightWeight.app; sourceTree = BUILT_PRODUCTS_DIR; };
		FAAD06802B6B1E4F00BA5386 /* LightWeightApp.swift */ = {isa = PBXFileReference; lastKnownFileType = sourcecode.swift; path = LightWeightApp.swift; sourceTree = "<group>"; };
		FAAD06822B6B1E4F00BA5386 /* Persistence.swift */ = {isa = PBXFileReference; lastKnownFileType = sourcecode.swift; path = Persistence.swift; sourceTree = "<group>"; };
		FAAD06872B6B1E4F00BA5386 /* RoutineListView.swift */ = {isa = PBXFileReference; lastKnownFileType = sourcecode.swift; path = RoutineListView.swift; sourceTree = "<group>"; };
		FAAD06892B6B1E5100BA5386 /* Assets.xcassets */ = {isa = PBXFileReference; lastKnownFileType = folder.assetcatalog; path = Assets.xcassets; sourceTree = "<group>"; };
		FAAD068B2B6B1E5100BA5386 /* LightWeight.entitlements */ = {isa = PBXFileReference; lastKnownFileType = text.plist.entitlements; path = LightWeight.entitlements; sourceTree = "<group>"; };
		FAAD068D2B6B1E5100BA5386 /* Preview Assets.xcassets */ = {isa = PBXFileReference; lastKnownFileType = folder.assetcatalog; path = "Preview Assets.xcassets"; sourceTree = "<group>"; };
		FAAD068F2B6B1E5100BA5386 /* Info.plist */ = {isa = PBXFileReference; lastKnownFileType = text.plist.xml; path = Info.plist; sourceTree = "<group>"; };
		FAAD06942B6B1E5100BA5386 /* LightWeightTests.xctest */ = {isa = PBXFileReference; explicitFileType = wrapper.cfbundle; includeInIndex = 0; path = LightWeightTests.xctest; sourceTree = BUILT_PRODUCTS_DIR; };
		FAAD06982B6B1E5100BA5386 /* LightWeightTests.swift */ = {isa = PBXFileReference; lastKnownFileType = sourcecode.swift; path = LightWeightTests.swift; sourceTree = "<group>"; };
		FAAD069E2B6B1E5100BA5386 /* LightWeightUITests.xctest */ = {isa = PBXFileReference; explicitFileType = wrapper.cfbundle; includeInIndex = 0; path = LightWeightUITests.xctest; sourceTree = BUILT_PRODUCTS_DIR; };
		FAAD06A22B6B1E5100BA5386 /* LightWeightUITests.swift */ = {isa = PBXFileReference; lastKnownFileType = sourcecode.swift; path = LightWeightUITests.swift; sourceTree = "<group>"; };
		FAAD06A42B6B1E5100BA5386 /* LightWeightUITestsLaunchTests.swift */ = {isa = PBXFileReference; lastKnownFileType = sourcecode.swift; path = LightWeightUITestsLaunchTests.swift; sourceTree = "<group>"; };
		FAAD06B22B6B1F6E00BA5386 /* Router.swift */ = {isa = PBXFileReference; lastKnownFileType = sourcecode.swift; path = Router.swift; sourceTree = "<group>"; };
		FAFCF8322B8302D400818A8A /* LightWeight.xcdatamodel */ = {isa = PBXFileReference; lastKnownFileType = wrapper.xcdatamodel; path = LightWeight.xcdatamodel; sourceTree = "<group>"; };
/* End PBXFileReference section */

/* Begin PBXFrameworksBuildPhase section */
		FAAD067A2B6B1E4F00BA5386 /* Frameworks */ = {
			isa = PBXFrameworksBuildPhase;
			buildActionMask = 2147483647;
			files = (
			);
			runOnlyForDeploymentPostprocessing = 0;
		};
		FAAD06912B6B1E5100BA5386 /* Frameworks */ = {
			isa = PBXFrameworksBuildPhase;
			buildActionMask = 2147483647;
			files = (
			);
			runOnlyForDeploymentPostprocessing = 0;
		};
		FAAD069B2B6B1E5100BA5386 /* Frameworks */ = {
			isa = PBXFrameworksBuildPhase;
			buildActionMask = 2147483647;
			files = (
			);
			runOnlyForDeploymentPostprocessing = 0;
		};
/* End PBXFrameworksBuildPhase section */

/* Begin PBXGroup section */
		FA0984BC2B8C01BA00EB869D /* Components */ = {
			isa = PBXGroup;
			children = (
				FA0984BD2B8C01BD00EB869D /* Views */,
			);
			path = Components;
			sourceTree = "<group>";
		};
		FA0984BD2B8C01BD00EB869D /* Views */ = {
			isa = PBXGroup;
			children = (
				FA0984C02B8C01DB00EB869D /* DynamicHeightSheet.swift */,
				FA279F9C2B94010C009F4E90 /* TextFieldDynamicSheet.swift */,
			);
			path = Views;
			sourceTree = "<group>";
		};
		FA279F962B91603D009F4E90 /* String */ = {
			isa = PBXGroup;
			children = (
				FA279F972B916049009F4E90 /* String+Adds.swift */,
			);
			path = String;
			sourceTree = "<group>";
		};
		FA279F9F2B941122009F4E90 /* RoutineList */ = {
			isa = PBXGroup;
			children = (
				FAAD06872B6B1E4F00BA5386 /* RoutineListView.swift */,
				FA279FA02B9411E1009F4E90 /* RoutineListViewModel.swift */,
			);
			path = RoutineList;
			sourceTree = "<group>";
		};
		FA90B27B2B8EF4C700E0626E /* NSFetchRequest */ = {
			isa = PBXGroup;
			children = (
				FA90B27D2B8EF4E000E0626E /* NSFetchRequest+Adds.swift */,
			);
			path = NSFetchRequest;
			sourceTree = "<group>";
		};
		FA90B27C2B8EF4CD00E0626E /* NSFetchedResultsController */ = {
			isa = PBXGroup;
			children = (
				FA90B27F2B8EF51900E0626E /* NSFetchedResultsController+Adds.swift */,
			);
			path = NSFetchedResultsController;
			sourceTree = "<group>";
		};
		FA90B2812B8EF68800E0626E /* NSManagedObject */ = {
			isa = PBXGroup;
			children = (
				FA90B2822B8EF69500E0626E /* NSManagedObject+Adds.swift */,
			);
			path = NSManagedObject;
			sourceTree = "<group>";
		};
		FA9570C02B8D927D00C442A9 /* Extensions */ = {
			isa = PBXGroup;
			children = (
				FA279F962B91603D009F4E90 /* String */,
				FA90B2812B8EF68800E0626E /* NSManagedObject */,
				FA90B27C2B8EF4CD00E0626E /* NSFetchedResultsController */,
				FA90B27B2B8EF4C700E0626E /* NSFetchRequest */,
				FA9570C12B8D928300C442A9 /* ClosedRange */,
			);
			path = Extensions;
			sourceTree = "<group>";
		};
		FA9570C12B8D928300C442A9 /* ClosedRange */ = {
			isa = PBXGroup;
			children = (
				FA9570C22B8D928F00C442A9 /* ClosedRange+Adds.swift */,
			);
			path = ClosedRange;
			sourceTree = "<group>";
		};
		FA994DEE2B8838EA00B3834F /* Modifiers */ = {
			isa = PBXGroup;
			children = (
				FA994DF22B8839CB00B3834F /* GetHeightModifier.swift */,
			);
			path = Modifiers;
			sourceTree = "<group>";
		};
		FA994DF02B88390F00B3834F /* CoreData */ = {
			isa = PBXGroup;
			children = (
				FAAD06822B6B1E4F00BA5386 /* Persistence.swift */,
				FAFCF8312B8302D400818A8A /* LightWeight.xcdatamodeld */,
				FA0984C22B8C064800EB869D /* DataManager.swift */,
			);
			path = CoreData;
			sourceTree = "<group>";
		};
		FA994DF12B88392000B3834F /* Supporting Files */ = {
			isa = PBXGroup;
			children = (
				FAAD068F2B6B1E5100BA5386 /* Info.plist */,
				FAAD06892B6B1E5100BA5386 /* Assets.xcassets */,
			);
			path = "Supporting Files";
			sourceTree = "<group>";
		};
		FAAD06742B6B1E4F00BA5386 = {
			isa = PBXGroup;
			children = (
				FAAD067F2B6B1E4F00BA5386 /* LightWeight */,
				FAAD06972B6B1E5100BA5386 /* LightWeightTests */,
				FAAD06A12B6B1E5100BA5386 /* LightWeightUITests */,
				FAAD067E2B6B1E4F00BA5386 /* Products */,
			);
			sourceTree = "<group>";
		};
		FAAD067E2B6B1E4F00BA5386 /* Products */ = {
			isa = PBXGroup;
			children = (
				FAAD067D2B6B1E4F00BA5386 /* LightWeight.app */,
				FAAD06942B6B1E5100BA5386 /* LightWeightTests.xctest */,
				FAAD069E2B6B1E5100BA5386 /* LightWeightUITests.xctest */,
			);
			name = Products;
			sourceTree = "<group>";
		};
		FAAD067F2B6B1E4F00BA5386 /* LightWeight */ = {
			isa = PBXGroup;
			children = (
				FA9570C02B8D927D00C442A9 /* Extensions */,
				FA0984BC2B8C01BA00EB869D /* Components */,
				FA994DF12B88392000B3834F /* Supporting Files */,
				FA994DF02B88390F00B3834F /* CoreData */,
				FAAD06B12B6B1F6800BA5386 /* Helpers */,
				FAAD06802B6B1E4F00BA5386 /* LightWeightApp.swift */,
				FAC996212B8C289900793F14 /* Modules */,
				FAAD068B2B6B1E5100BA5386 /* LightWeight.entitlements */,
				FAAD068C2B6B1E5100BA5386 /* Preview Content */,
			);
			path = LightWeight;
			sourceTree = "<group>";
		};
		FAAD068C2B6B1E5100BA5386 /* Preview Content */ = {
			isa = PBXGroup;
			children = (
				FAAD068D2B6B1E5100BA5386 /* Preview Assets.xcassets */,
			);
			path = "Preview Content";
			sourceTree = "<group>";
		};
		FAAD06972B6B1E5100BA5386 /* LightWeightTests */ = {
			isa = PBXGroup;
			children = (
				FAAD06982B6B1E5100BA5386 /* LightWeightTests.swift */,
			);
			path = LightWeightTests;
			sourceTree = "<group>";
		};
		FAAD06A12B6B1E5100BA5386 /* LightWeightUITests */ = {
			isa = PBXGroup;
			children = (
				FAAD06A22B6B1E5100BA5386 /* LightWeightUITests.swift */,
				FAAD06A42B6B1E5100BA5386 /* LightWeightUITestsLaunchTests.swift */,
			);
			path = LightWeightUITests;
			sourceTree = "<group>";
		};
		FAAD06B12B6B1F6800BA5386 /* Helpers */ = {
			isa = PBXGroup;
			children = (
				FA994DEE2B8838EA00B3834F /* Modifiers */,
				FAAD06B22B6B1F6E00BA5386 /* Router.swift */,
			);
			path = Helpers;
			sourceTree = "<group>";
		};
		FAC996212B8C289900793F14 /* Modules */ = {
			isa = PBXGroup;
			children = (
				FA279F9F2B941122009F4E90 /* RoutineList */,
				FAC996222B8C28A200793F14 /* Routine */,
			);
			path = Modules;
			sourceTree = "<group>";
		};
		FAC996222B8C28A200793F14 /* Routine */ = {
			isa = PBXGroup;
			children = (
				FA279F922B915E2F009F4E90 /* RoutineView.swift */,
				FA279F942B915E3E009F4E90 /* RoutineViewModel.swift */,
			);
			path = Routine;
			sourceTree = "<group>";
		};
/* End PBXGroup section */

/* Begin PBXNativeTarget section */
		FAAD067C2B6B1E4F00BA5386 /* LightWeight */ = {
			isa = PBXNativeTarget;
			buildConfigurationList = FAAD06A82B6B1E5100BA5386 /* Build configuration list for PBXNativeTarget "LightWeight" */;
			buildPhases = (
				FAAD06792B6B1E4F00BA5386 /* Sources */,
				FAAD067A2B6B1E4F00BA5386 /* Frameworks */,
				FAAD067B2B6B1E4F00BA5386 /* Resources */,
			);
			buildRules = (
			);
			dependencies = (
			);
			name = LightWeight;
			packageProductDependencies = (
			);
			productName = Academy;
			productReference = FAAD067D2B6B1E4F00BA5386 /* LightWeight.app */;
			productType = "com.apple.product-type.application";
		};
		FAAD06932B6B1E5100BA5386 /* LightWeightTests */ = {
			isa = PBXNativeTarget;
			buildConfigurationList = FAAD06AB2B6B1E5100BA5386 /* Build configuration list for PBXNativeTarget "LightWeightTests" */;
			buildPhases = (
				FAAD06902B6B1E5100BA5386 /* Sources */,
				FAAD06912B6B1E5100BA5386 /* Frameworks */,
				FAAD06922B6B1E5100BA5386 /* Resources */,
			);
			buildRules = (
			);
			dependencies = (
				FAAD06962B6B1E5100BA5386 /* PBXTargetDependency */,
			);
			name = LightWeightTests;
			productName = AcademyTests;
			productReference = FAAD06942B6B1E5100BA5386 /* LightWeightTests.xctest */;
			productType = "com.apple.product-type.bundle.unit-test";
		};
		FAAD069D2B6B1E5100BA5386 /* LightWeightUITests */ = {
			isa = PBXNativeTarget;
			buildConfigurationList = FAAD06AE2B6B1E5100BA5386 /* Build configuration list for PBXNativeTarget "LightWeightUITests" */;
			buildPhases = (
				FAAD069A2B6B1E5100BA5386 /* Sources */,
				FAAD069B2B6B1E5100BA5386 /* Frameworks */,
				FAAD069C2B6B1E5100BA5386 /* Resources */,
			);
			buildRules = (
			);
			dependencies = (
				FAAD06A02B6B1E5100BA5386 /* PBXTargetDependency */,
			);
			name = LightWeightUITests;
			productName = AcademyUITests;
			productReference = FAAD069E2B6B1E5100BA5386 /* LightWeightUITests.xctest */;
			productType = "com.apple.product-type.bundle.ui-testing";
		};
/* End PBXNativeTarget section */

/* Begin PBXProject section */
		FAAD06752B6B1E4F00BA5386 /* Project object */ = {
			isa = PBXProject;
			attributes = {
				BuildIndependentTargetsInParallel = 1;
				LastSwiftUpdateCheck = 1500;
				LastUpgradeCheck = 1500;
				TargetAttributes = {
					FAAD067C2B6B1E4F00BA5386 = {
						CreatedOnToolsVersion = 15.0;
					};
					FAAD06932B6B1E5100BA5386 = {
						CreatedOnToolsVersion = 15.0;
						TestTargetID = FAAD067C2B6B1E4F00BA5386;
					};
					FAAD069D2B6B1E5100BA5386 = {
						CreatedOnToolsVersion = 15.0;
						TestTargetID = FAAD067C2B6B1E4F00BA5386;
					};
				};
			};
			buildConfigurationList = FAAD06782B6B1E4F00BA5386 /* Build configuration list for PBXProject "LightWeight" */;
			compatibilityVersion = "Xcode 14.0";
			developmentRegion = en;
			hasScannedForEncodings = 0;
			knownRegions = (
				en,
				Base,
			);
			mainGroup = FAAD06742B6B1E4F00BA5386;
			packageReferences = (
			);
			productRefGroup = FAAD067E2B6B1E4F00BA5386 /* Products */;
			projectDirPath = "";
			projectRoot = "";
			targets = (
				FAAD067C2B6B1E4F00BA5386 /* LightWeight */,
				FAAD06932B6B1E5100BA5386 /* LightWeightTests */,
				FAAD069D2B6B1E5100BA5386 /* LightWeightUITests */,
			);
		};
/* End PBXProject section */

/* Begin PBXResourcesBuildPhase section */
		FAAD067B2B6B1E4F00BA5386 /* Resources */ = {
			isa = PBXResourcesBuildPhase;
			buildActionMask = 2147483647;
			files = (
				FAAD068E2B6B1E5100BA5386 /* Preview Assets.xcassets in Resources */,
				FAAD068A2B6B1E5100BA5386 /* Assets.xcassets in Resources */,
			);
			runOnlyForDeploymentPostprocessing = 0;
		};
		FAAD06922B6B1E5100BA5386 /* Resources */ = {
			isa = PBXResourcesBuildPhase;
			buildActionMask = 2147483647;
			files = (
			);
			runOnlyForDeploymentPostprocessing = 0;
		};
		FAAD069C2B6B1E5100BA5386 /* Resources */ = {
			isa = PBXResourcesBuildPhase;
			buildActionMask = 2147483647;
			files = (
			);
			runOnlyForDeploymentPostprocessing = 0;
		};
/* End PBXResourcesBuildPhase section */

/* Begin PBXSourcesBuildPhase section */
		FAAD06792B6B1E4F00BA5386 /* Sources */ = {
			isa = PBXSourcesBuildPhase;
			buildActionMask = 2147483647;
			files = (
				FA279F9D2B94010C009F4E90 /* TextFieldDynamicSheet.swift in Sources */,
				FAAD06812B6B1E4F00BA5386 /* LightWeightApp.swift in Sources */,
				FAAD06832B6B1E4F00BA5386 /* Persistence.swift in Sources */,
				FA0984C12B8C01DB00EB869D /* DynamicHeightSheet.swift in Sources */,
				FA9570C32B8D928F00C442A9 /* ClosedRange+Adds.swift in Sources */,
				FA90B2802B8EF51900E0626E /* NSFetchedResultsController+Adds.swift in Sources */,
				FAAD06B32B6B1F6E00BA5386 /* Router.swift in Sources */,
				FA90B2832B8EF69500E0626E /* NSManagedObject+Adds.swift in Sources */,
				FA279FA12B9411E1009F4E90 /* RoutineListViewModel.swift in Sources */,
				FAAD06882B6B1E4F00BA5386 /* RoutineListView.swift in Sources */,
				FA994DF32B8839CB00B3834F /* GetHeightModifier.swift in Sources */,
				FA0984C32B8C064800EB869D /* DataManager.swift in Sources */,
				FA279F982B916049009F4E90 /* String+Adds.swift in Sources */,
				FA279F952B915E3E009F4E90 /* RoutineViewModel.swift in Sources */,
				FA90B27E2B8EF4E000E0626E /* NSFetchRequest+Adds.swift in Sources */,
				FA279F932B915E2F009F4E90 /* RoutineView.swift in Sources */,
				FAFCF8332B8302D400818A8A /* LightWeight.xcdatamodeld in Sources */,
			);
			runOnlyForDeploymentPostprocessing = 0;
		};
		FAAD06902B6B1E5100BA5386 /* Sources */ = {
			isa = PBXSourcesBuildPhase;
			buildActionMask = 2147483647;
			files = (
				FAAD06992B6B1E5100BA5386 /* LightWeightTests.swift in Sources */,
			);
			runOnlyForDeploymentPostprocessing = 0;
		};
		FAAD069A2B6B1E5100BA5386 /* Sources */ = {
			isa = PBXSourcesBuildPhase;
			buildActionMask = 2147483647;
			files = (
				FAAD06A32B6B1E5100BA5386 /* LightWeightUITests.swift in Sources */,
				FAAD06A52B6B1E5100BA5386 /* LightWeightUITestsLaunchTests.swift in Sources */,
			);
			runOnlyForDeploymentPostprocessing = 0;
		};
/* End PBXSourcesBuildPhase section */

/* Begin PBXTargetDependency section */
		FAAD06962B6B1E5100BA5386 /* PBXTargetDependency */ = {
			isa = PBXTargetDependency;
			target = FAAD067C2B6B1E4F00BA5386 /* LightWeight */;
			targetProxy = FAAD06952B6B1E5100BA5386 /* PBXContainerItemProxy */;
		};
		FAAD06A02B6B1E5100BA5386 /* PBXTargetDependency */ = {
			isa = PBXTargetDependency;
			target = FAAD067C2B6B1E4F00BA5386 /* LightWeight */;
			targetProxy = FAAD069F2B6B1E5100BA5386 /* PBXContainerItemProxy */;
		};
/* End PBXTargetDependency section */

/* Begin XCBuildConfiguration section */
		FAAD06A62B6B1E5100BA5386 /* Debug */ = {
			isa = XCBuildConfiguration;
			buildSettings = {
				ALWAYS_SEARCH_USER_PATHS = NO;
				ASSETCATALOG_COMPILER_GENERATE_SWIFT_ASSET_SYMBOL_EXTENSIONS = YES;
				CLANG_ANALYZER_NONNULL = YES;
				CLANG_ANALYZER_NUMBER_OBJECT_CONVERSION = YES_AGGRESSIVE;
				CLANG_CXX_LANGUAGE_STANDARD = "gnu++20";
				CLANG_ENABLE_MODULES = YES;
				CLANG_ENABLE_OBJC_ARC = YES;
				CLANG_ENABLE_OBJC_WEAK = YES;
				CLANG_WARN_BLOCK_CAPTURE_AUTORELEASING = YES;
				CLANG_WARN_BOOL_CONVERSION = YES;
				CLANG_WARN_COMMA = YES;
				CLANG_WARN_CONSTANT_CONVERSION = YES;
				CLANG_WARN_DEPRECATED_OBJC_IMPLEMENTATIONS = YES;
				CLANG_WARN_DIRECT_OBJC_ISA_USAGE = YES_ERROR;
				CLANG_WARN_DOCUMENTATION_COMMENTS = YES;
				CLANG_WARN_EMPTY_BODY = YES;
				CLANG_WARN_ENUM_CONVERSION = YES;
				CLANG_WARN_INFINITE_RECURSION = YES;
				CLANG_WARN_INT_CONVERSION = YES;
				CLANG_WARN_NON_LITERAL_NULL_CONVERSION = YES;
				CLANG_WARN_OBJC_IMPLICIT_RETAIN_SELF = YES;
				CLANG_WARN_OBJC_LITERAL_CONVERSION = YES;
				CLANG_WARN_OBJC_ROOT_CLASS = YES_ERROR;
				CLANG_WARN_QUOTED_INCLUDE_IN_FRAMEWORK_HEADER = YES;
				CLANG_WARN_RANGE_LOOP_ANALYSIS = YES;
				CLANG_WARN_STRICT_PROTOTYPES = YES;
				CLANG_WARN_SUSPICIOUS_MOVE = YES;
				CLANG_WARN_UNGUARDED_AVAILABILITY = YES_AGGRESSIVE;
				CLANG_WARN_UNREACHABLE_CODE = YES;
				CLANG_WARN__DUPLICATE_METHOD_MATCH = YES;
				COPY_PHASE_STRIP = NO;
				DEBUG_INFORMATION_FORMAT = dwarf;
				ENABLE_STRICT_OBJC_MSGSEND = YES;
				ENABLE_TESTABILITY = YES;
				ENABLE_USER_SCRIPT_SANDBOXING = YES;
				GCC_C_LANGUAGE_STANDARD = gnu17;
				GCC_DYNAMIC_NO_PIC = NO;
				GCC_NO_COMMON_BLOCKS = YES;
				GCC_OPTIMIZATION_LEVEL = 0;
				GCC_PREPROCESSOR_DEFINITIONS = (
					"DEBUG=1",
					"$(inherited)",
				);
				GCC_WARN_64_TO_32_BIT_CONVERSION = YES;
				GCC_WARN_ABOUT_RETURN_TYPE = YES_ERROR;
				GCC_WARN_UNDECLARED_SELECTOR = YES;
				GCC_WARN_UNINITIALIZED_AUTOS = YES_AGGRESSIVE;
				GCC_WARN_UNUSED_FUNCTION = YES;
				GCC_WARN_UNUSED_VARIABLE = YES;
				LOCALIZATION_PREFERS_STRING_CATALOGS = YES;
				MTL_ENABLE_DEBUG_INFO = INCLUDE_SOURCE;
				MTL_FAST_MATH = YES;
				ONLY_ACTIVE_ARCH = YES;
				SWIFT_ACTIVE_COMPILATION_CONDITIONS = "DEBUG $(inherited)";
				SWIFT_OPTIMIZATION_LEVEL = "-Onone";
			};
			name = Debug;
		};
		FAAD06A72B6B1E5100BA5386 /* Release */ = {
			isa = XCBuildConfiguration;
			buildSettings = {
				ALWAYS_SEARCH_USER_PATHS = NO;
				ASSETCATALOG_COMPILER_GENERATE_SWIFT_ASSET_SYMBOL_EXTENSIONS = YES;
				CLANG_ANALYZER_NONNULL = YES;
				CLANG_ANALYZER_NUMBER_OBJECT_CONVERSION = YES_AGGRESSIVE;
				CLANG_CXX_LANGUAGE_STANDARD = "gnu++20";
				CLANG_ENABLE_MODULES = YES;
				CLANG_ENABLE_OBJC_ARC = YES;
				CLANG_ENABLE_OBJC_WEAK = YES;
				CLANG_WARN_BLOCK_CAPTURE_AUTORELEASING = YES;
				CLANG_WARN_BOOL_CONVERSION = YES;
				CLANG_WARN_COMMA = YES;
				CLANG_WARN_CONSTANT_CONVERSION = YES;
				CLANG_WARN_DEPRECATED_OBJC_IMPLEMENTATIONS = YES;
				CLANG_WARN_DIRECT_OBJC_ISA_USAGE = YES_ERROR;
				CLANG_WARN_DOCUMENTATION_COMMENTS = YES;
				CLANG_WARN_EMPTY_BODY = YES;
				CLANG_WARN_ENUM_CONVERSION = YES;
				CLANG_WARN_INFINITE_RECURSION = YES;
				CLANG_WARN_INT_CONVERSION = YES;
				CLANG_WARN_NON_LITERAL_NULL_CONVERSION = YES;
				CLANG_WARN_OBJC_IMPLICIT_RETAIN_SELF = YES;
				CLANG_WARN_OBJC_LITERAL_CONVERSION = YES;
				CLANG_WARN_OBJC_ROOT_CLASS = YES_ERROR;
				CLANG_WARN_QUOTED_INCLUDE_IN_FRAMEWORK_HEADER = YES;
				CLANG_WARN_RANGE_LOOP_ANALYSIS = YES;
				CLANG_WARN_STRICT_PROTOTYPES = YES;
				CLANG_WARN_SUSPICIOUS_MOVE = YES;
				CLANG_WARN_UNGUARDED_AVAILABILITY = YES_AGGRESSIVE;
				CLANG_WARN_UNREACHABLE_CODE = YES;
				CLANG_WARN__DUPLICATE_METHOD_MATCH = YES;
				COPY_PHASE_STRIP = NO;
				DEBUG_INFORMATION_FORMAT = "dwarf-with-dsym";
				ENABLE_NS_ASSERTIONS = NO;
				ENABLE_STRICT_OBJC_MSGSEND = YES;
				ENABLE_USER_SCRIPT_SANDBOXING = YES;
				GCC_C_LANGUAGE_STANDARD = gnu17;
				GCC_NO_COMMON_BLOCKS = YES;
				GCC_WARN_64_TO_32_BIT_CONVERSION = YES;
				GCC_WARN_ABOUT_RETURN_TYPE = YES_ERROR;
				GCC_WARN_UNDECLARED_SELECTOR = YES;
				GCC_WARN_UNINITIALIZED_AUTOS = YES_AGGRESSIVE;
				GCC_WARN_UNUSED_FUNCTION = YES;
				GCC_WARN_UNUSED_VARIABLE = YES;
				LOCALIZATION_PREFERS_STRING_CATALOGS = YES;
				MTL_ENABLE_DEBUG_INFO = NO;
				MTL_FAST_MATH = YES;
				SWIFT_COMPILATION_MODE = wholemodule;
			};
			name = Release;
		};
		FAAD06A92B6B1E5100BA5386 /* Debug */ = {
			isa = XCBuildConfiguration;
			buildSettings = {
				ASSETCATALOG_COMPILER_APPICON_NAME = AppIcon;
				ASSETCATALOG_COMPILER_GLOBAL_ACCENT_COLOR_NAME = AccentColor;
				CODE_SIGN_ENTITLEMENTS = LightWeight/LightWeight.entitlements;
				CODE_SIGN_STYLE = Automatic;
				CURRENT_PROJECT_VERSION = 1;
				DEVELOPMENT_ASSET_PATHS = "\"LightWeight/Preview Content\"";
				DEVELOPMENT_TEAM = 5MV7WNHQCD;
				ENABLE_HARDENED_RUNTIME = YES;
				ENABLE_PREVIEWS = YES;
				GENERATE_INFOPLIST_FILE = YES;
				INFOPLIST_FILE = "LightWeight/Supporting Files/Info.plist";
				"INFOPLIST_KEY_UIApplicationSceneManifest_Generation[sdk=iphoneos*]" = YES;
				"INFOPLIST_KEY_UIApplicationSceneManifest_Generation[sdk=iphonesimulator*]" = YES;
				"INFOPLIST_KEY_UIApplicationSupportsIndirectInputEvents[sdk=iphoneos*]" = YES;
				"INFOPLIST_KEY_UIApplicationSupportsIndirectInputEvents[sdk=iphonesimulator*]" = YES;
				"INFOPLIST_KEY_UILaunchScreen_Generation[sdk=iphoneos*]" = YES;
				"INFOPLIST_KEY_UILaunchScreen_Generation[sdk=iphonesimulator*]" = YES;
				"INFOPLIST_KEY_UIStatusBarStyle[sdk=iphoneos*]" = UIStatusBarStyleDefault;
				"INFOPLIST_KEY_UIStatusBarStyle[sdk=iphonesimulator*]" = UIStatusBarStyleDefault;
				INFOPLIST_KEY_UISupportedInterfaceOrientations = UIInterfaceOrientationPortrait;
				INFOPLIST_KEY_UISupportedInterfaceOrientations_iPad = "UIInterfaceOrientationLandscapeLeft UIInterfaceOrientationLandscapeRight UIInterfaceOrientationPortrait UIInterfaceOrientationPortraitUpsideDown";
				IPHONEOS_DEPLOYMENT_TARGET = 16.0;
				LD_RUNPATH_SEARCH_PATHS = "@executable_path/Frameworks";
				"LD_RUNPATH_SEARCH_PATHS[sdk=macosx*]" = "@executable_path/../Frameworks";
				MACOSX_DEPLOYMENT_TARGET = 14.0;
				MARKETING_VERSION = 1.0;
				PRODUCT_BUNDLE_IDENTIFIER = arthuroli.LightWeight;
				PRODUCT_NAME = "$(TARGET_NAME)";
				SDKROOT = auto;
				SUPPORTED_PLATFORMS = "iphoneos iphonesimulator macosx";
				SWIFT_EMIT_LOC_STRINGS = YES;
				SWIFT_VERSION = 5.0;
				TARGETED_DEVICE_FAMILY = "1,2";
			};
			name = Debug;
		};
		FAAD06AA2B6B1E5100BA5386 /* Release */ = {
			isa = XCBuildConfiguration;
			buildSettings = {
				ASSETCATALOG_COMPILER_APPICON_NAME = AppIcon;
				ASSETCATALOG_COMPILER_GLOBAL_ACCENT_COLOR_NAME = AccentColor;
				CODE_SIGN_ENTITLEMENTS = LightWeight/LightWeight.entitlements;
				CODE_SIGN_STYLE = Automatic;
				CURRENT_PROJECT_VERSION = 1;
				DEVELOPMENT_ASSET_PATHS = "\"LightWeight/Preview Content\"";
				DEVELOPMENT_TEAM = 5MV7WNHQCD;
				ENABLE_HARDENED_RUNTIME = YES;
				ENABLE_PREVIEWS = YES;
				GENERATE_INFOPLIST_FILE = YES;
				INFOPLIST_FILE = "LightWeight/Supporting Files/Info.plist";
				"INFOPLIST_KEY_UIApplicationSceneManifest_Generation[sdk=iphoneos*]" = YES;
				"INFOPLIST_KEY_UIApplicationSceneManifest_Generation[sdk=iphonesimulator*]" = YES;
				"INFOPLIST_KEY_UIApplicationSupportsIndirectInputEvents[sdk=iphoneos*]" = YES;
				"INFOPLIST_KEY_UIApplicationSupportsIndirectInputEvents[sdk=iphonesimulator*]" = YES;
				"INFOPLIST_KEY_UILaunchScreen_Generation[sdk=iphoneos*]" = YES;
				"INFOPLIST_KEY_UILaunchScreen_Generation[sdk=iphonesimulator*]" = YES;
				"INFOPLIST_KEY_UIStatusBarStyle[sdk=iphoneos*]" = UIStatusBarStyleDefault;
				"INFOPLIST_KEY_UIStatusBarStyle[sdk=iphonesimulator*]" = UIStatusBarStyleDefault;
				INFOPLIST_KEY_UISupportedInterfaceOrientations = UIInterfaceOrientationPortrait;
				INFOPLIST_KEY_UISupportedInterfaceOrientations_iPad = "UIInterfaceOrientationLandscapeLeft UIInterfaceOrientationLandscapeRight UIInterfaceOrientationPortrait UIInterfaceOrientationPortraitUpsideDown";
				IPHONEOS_DEPLOYMENT_TARGET = 16.0;
				LD_RUNPATH_SEARCH_PATHS = "@executable_path/Frameworks";
				"LD_RUNPATH_SEARCH_PATHS[sdk=macosx*]" = "@executable_path/../Frameworks";
				MACOSX_DEPLOYMENT_TARGET = 14.0;
				MARKETING_VERSION = 1.0;
				PRODUCT_BUNDLE_IDENTIFIER = arthuroli.LightWeight;
				PRODUCT_NAME = "$(TARGET_NAME)";
				SDKROOT = auto;
				SUPPORTED_PLATFORMS = "iphoneos iphonesimulator macosx";
				SWIFT_EMIT_LOC_STRINGS = YES;
				SWIFT_VERSION = 5.0;
				TARGETED_DEVICE_FAMILY = "1,2";
			};
			name = Release;
		};
		FAAD06AC2B6B1E5100BA5386 /* Debug */ = {
			isa = XCBuildConfiguration;
			buildSettings = {
				ALWAYS_EMBED_SWIFT_STANDARD_LIBRARIES = YES;
				BUNDLE_LOADER = "$(TEST_HOST)";
				CODE_SIGN_STYLE = Automatic;
				CURRENT_PROJECT_VERSION = 1;
				DEVELOPMENT_TEAM = 5MV7WNHQCD;
				GENERATE_INFOPLIST_FILE = YES;
				IPHONEOS_DEPLOYMENT_TARGET = 17.0;
				MACOSX_DEPLOYMENT_TARGET = 14.0;
				MARKETING_VERSION = 1.0;
				PRODUCT_BUNDLE_IDENTIFIER = arthuroli.LightWeightTests;
				PRODUCT_NAME = "$(TARGET_NAME)";
				SDKROOT = auto;
				SUPPORTED_PLATFORMS = "iphoneos iphonesimulator macosx";
				SWIFT_EMIT_LOC_STRINGS = NO;
				SWIFT_VERSION = 5.0;
				TARGETED_DEVICE_FAMILY = "1,2";
				TEST_HOST = "$(BUILT_PRODUCTS_DIR)/LightWeight.app/$(BUNDLE_EXECUTABLE_FOLDER_PATH)/LightWeight";
			};
			name = Debug;
		};
		FAAD06AD2B6B1E5100BA5386 /* Release */ = {
			isa = XCBuildConfiguration;
			buildSettings = {
				ALWAYS_EMBED_SWIFT_STANDARD_LIBRARIES = YES;
				BUNDLE_LOADER = "$(TEST_HOST)";
				CODE_SIGN_STYLE = Automatic;
				CURRENT_PROJECT_VERSION = 1;
				DEVELOPMENT_TEAM = 5MV7WNHQCD;
				GENERATE_INFOPLIST_FILE = YES;
				IPHONEOS_DEPLOYMENT_TARGET = 17.0;
				MACOSX_DEPLOYMENT_TARGET = 14.0;
				MARKETING_VERSION = 1.0;
				PRODUCT_BUNDLE_IDENTIFIER = arthuroli.LightWeightTests;
				PRODUCT_NAME = "$(TARGET_NAME)";
				SDKROOT = auto;
				SUPPORTED_PLATFORMS = "iphoneos iphonesimulator macosx";
				SWIFT_EMIT_LOC_STRINGS = NO;
				SWIFT_VERSION = 5.0;
				TARGETED_DEVICE_FAMILY = "1,2";
				TEST_HOST = "$(BUILT_PRODUCTS_DIR)/LightWeight.app/$(BUNDLE_EXECUTABLE_FOLDER_PATH)/LightWeight";
			};
			name = Release;
		};
		FAAD06AF2B6B1E5100BA5386 /* Debug */ = {
			isa = XCBuildConfiguration;
			buildSettings = {
				ALWAYS_EMBED_SWIFT_STANDARD_LIBRARIES = YES;
				CODE_SIGN_STYLE = Automatic;
				CURRENT_PROJECT_VERSION = 1;
				DEVELOPMENT_TEAM = 5MV7WNHQCD;
				GENERATE_INFOPLIST_FILE = YES;
				IPHONEOS_DEPLOYMENT_TARGET = 17.0;
				MACOSX_DEPLOYMENT_TARGET = 14.0;
				MARKETING_VERSION = 1.0;
				PRODUCT_BUNDLE_IDENTIFIER = arthuroli.LightWeightUITests;
				PRODUCT_NAME = "$(TARGET_NAME)";
				SDKROOT = auto;
				SUPPORTED_PLATFORMS = "iphoneos iphonesimulator macosx";
				SWIFT_EMIT_LOC_STRINGS = NO;
				SWIFT_VERSION = 5.0;
				TARGETED_DEVICE_FAMILY = "1,2";
				TEST_TARGET_NAME = LightWeight;
			};
			name = Debug;
		};
		FAAD06B02B6B1E5100BA5386 /* Release */ = {
			isa = XCBuildConfiguration;
			buildSettings = {
				ALWAYS_EMBED_SWIFT_STANDARD_LIBRARIES = YES;
				CODE_SIGN_STYLE = Automatic;
				CURRENT_PROJECT_VERSION = 1;
				DEVELOPMENT_TEAM = 5MV7WNHQCD;
				GENERATE_INFOPLIST_FILE = YES;
				IPHONEOS_DEPLOYMENT_TARGET = 17.0;
				MACOSX_DEPLOYMENT_TARGET = 14.0;
				MARKETING_VERSION = 1.0;
				PRODUCT_BUNDLE_IDENTIFIER = arthuroli.LightWeightUITests;
				PRODUCT_NAME = "$(TARGET_NAME)";
				SDKROOT = auto;
				SUPPORTED_PLATFORMS = "iphoneos iphonesimulator macosx";
				SWIFT_EMIT_LOC_STRINGS = NO;
				SWIFT_VERSION = 5.0;
				TARGETED_DEVICE_FAMILY = "1,2";
				TEST_TARGET_NAME = LightWeight;
			};
			name = Release;
		};
/* End XCBuildConfiguration section */

/* Begin XCConfigurationList section */
		FAAD06782B6B1E4F00BA5386 /* Build configuration list for PBXProject "LightWeight" */ = {
			isa = XCConfigurationList;
			buildConfigurations = (
				FAAD06A62B6B1E5100BA5386 /* Debug */,
				FAAD06A72B6B1E5100BA5386 /* Release */,
			);
			defaultConfigurationIsVisible = 0;
			defaultConfigurationName = Release;
		};
		FAAD06A82B6B1E5100BA5386 /* Build configuration list for PBXNativeTarget "LightWeight" */ = {
			isa = XCConfigurationList;
			buildConfigurations = (
				FAAD06A92B6B1E5100BA5386 /* Debug */,
				FAAD06AA2B6B1E5100BA5386 /* Release */,
			);
			defaultConfigurationIsVisible = 0;
			defaultConfigurationName = Release;
		};
		FAAD06AB2B6B1E5100BA5386 /* Build configuration list for PBXNativeTarget "LightWeightTests" */ = {
			isa = XCConfigurationList;
			buildConfigurations = (
				FAAD06AC2B6B1E5100BA5386 /* Debug */,
				FAAD06AD2B6B1E5100BA5386 /* Release */,
			);
			defaultConfigurationIsVisible = 0;
			defaultConfigurationName = Release;
		};
		FAAD06AE2B6B1E5100BA5386 /* Build configuration list for PBXNativeTarget "LightWeightUITests" */ = {
			isa = XCConfigurationList;
			buildConfigurations = (
				FAAD06AF2B6B1E5100BA5386 /* Debug */,
				FAAD06B02B6B1E5100BA5386 /* Release */,
			);
			defaultConfigurationIsVisible = 0;
			defaultConfigurationName = Release;
		};
/* End XCConfigurationList section */

/* Begin XCVersionGroup section */
		FAFCF8312B8302D400818A8A /* LightWeight.xcdatamodeld */ = {
			isa = XCVersionGroup;
			children = (
				FAFCF8322B8302D400818A8A /* LightWeight.xcdatamodel */,
			);
			currentVersion = FAFCF8322B8302D400818A8A /* LightWeight.xcdatamodel */;
			path = LightWeight.xcdatamodeld;
			sourceTree = "<group>";
			versionGroupType = wrapper.xcdatamodel;
		};
/* End XCVersionGroup section */
	};
	rootObject = FAAD06752B6B1E4F00BA5386 /* Project object */;
}
